// !$*UTF8*$!
{
	archiveVersion = 1;
	classes = {
	};
	objectVersion = 55;
	objects = {

/* Begin PBXBuildFile section */
		FE8A585E2CDD1A3300AD6F4F /* editarPerfilViewController.swift in Sources */ = {isa = PBXBuildFile; fileRef = FE8A585D2CDD1A3300AD6F4F /* editarPerfilViewController.swift */; };
		FEC5E8C62CDC101800EC80EC /* AppDelegate.swift in Sources */ = {isa = PBXBuildFile; fileRef = FEC5E8C52CDC101800EC80EC /* AppDelegate.swift */; };
		FEC5E8C82CDC101800EC80EC /* SceneDelegate.swift in Sources */ = {isa = PBXBuildFile; fileRef = FEC5E8C72CDC101800EC80EC /* SceneDelegate.swift */; };
		FEC5E8CA2CDC101800EC80EC /* ViewController.swift in Sources */ = {isa = PBXBuildFile; fileRef = FEC5E8C92CDC101800EC80EC /* ViewController.swift */; };
		FEC5E8CD2CDC101800EC80EC /* Main.storyboard in Resources */ = {isa = PBXBuildFile; fileRef = FEC5E8CB2CDC101800EC80EC /* Main.storyboard */; };
		FEC5E8CF2CDC101A00EC80EC /* Assets.xcassets in Resources */ = {isa = PBXBuildFile; fileRef = FEC5E8CE2CDC101A00EC80EC /* Assets.xcassets */; };
		FEC5E8D22CDC101A00EC80EC /* LaunchScreen.storyboard in Resources */ = {isa = PBXBuildFile; fileRef = FEC5E8D02CDC101A00EC80EC /* LaunchScreen.storyboard */; };
		FEC5E8DA2CDC136700EC80EC /* Users.swift in Sources */ = {isa = PBXBuildFile; fileRef = FEC5E8D92CDC136700EC80EC /* Users.swift */; };
		FEC5E8DC2CDC1A1800EC80EC /* viewControllerBuscar.swift in Sources */ = {isa = PBXBuildFile; fileRef = FEC5E8DB2CDC1A1800EC80EC /* viewControllerBuscar.swift */; };
		FEC5E8DE2CDC1BE700EC80EC /* Peliculas.swift in Sources */ = {isa = PBXBuildFile; fileRef = FEC5E8DD2CDC1BE700EC80EC /* Peliculas.swift */; };
		FEC5E8E02CDC26A800EC80EC /* viewControllerAgregar.swift in Sources */ = {isa = PBXBuildFile; fileRef = FEC5E8DF2CDC26A800EC80EC /* viewControllerAgregar.swift */; };
/* End PBXBuildFile section */

/* Begin PBXFileReference section */
		FE8A585D2CDD1A3300AD6F4F /* editarPerfilViewController.swift */ = {isa = PBXFileReference; lastKnownFileType = sourcecode.swift; path = editarPerfilViewController.swift; sourceTree = "<group>"; };
		FEC5E8C22CDC101800EC80EC /* JSONRESTful.app */ = {isa = PBXFileReference; explicitFileType = wrapper.application; includeInIndex = 0; path = JSONRESTful.app; sourceTree = BUILT_PRODUCTS_DIR; };
		FEC5E8C52CDC101800EC80EC /* AppDelegate.swift */ = {isa = PBXFileReference; lastKnownFileType = sourcecode.swift; path = AppDelegate.swift; sourceTree = "<group>"; };
		FEC5E8C72CDC101800EC80EC /* SceneDelegate.swift */ = {isa = PBXFileReference; lastKnownFileType = sourcecode.swift; path = SceneDelegate.swift; sourceTree = "<group>"; };
		FEC5E8C92CDC101800EC80EC /* ViewController.swift */ = {isa = PBXFileReference; lastKnownFileType = sourcecode.swift; path = ViewController.swift; sourceTree = "<group>"; };
		FEC5E8CC2CDC101800EC80EC /* Base */ = {isa = PBXFileReference; lastKnownFileType = file.storyboard; name = Base; path = Base.lproj/Main.storyboard; sourceTree = "<group>"; };
		FEC5E8CE2CDC101A00EC80EC /* Assets.xcassets */ = {isa = PBXFileReference; lastKnownFileType = folder.assetcatalog; path = Assets.xcassets; sourceTree = "<group>"; };
		FEC5E8D12CDC101A00EC80EC /* Base */ = {isa = PBXFileReference; lastKnownFileType = file.storyboard; name = Base; path = Base.lproj/LaunchScreen.storyboard; sourceTree = "<group>"; };
		FEC5E8D32CDC101A00EC80EC /* Info.plist */ = {isa = PBXFileReference; lastKnownFileType = text.plist.xml; path = Info.plist; sourceTree = "<group>"; };
		FEC5E8D92CDC136700EC80EC /* Users.swift */ = {isa = PBXFileReference; lastKnownFileType = sourcecode.swift; path = Users.swift; sourceTree = "<group>"; };
		FEC5E8DB2CDC1A1800EC80EC /* viewControllerBuscar.swift */ = {isa = PBXFileReference; lastKnownFileType = sourcecode.swift; path = viewControllerBuscar.swift; sourceTree = "<group>"; };
		FEC5E8DD2CDC1BE700EC80EC /* Peliculas.swift */ = {isa = PBXFileReference; lastKnownFileType = sourcecode.swift; path = Peliculas.swift; sourceTree = "<group>"; };
		FEC5E8DF2CDC26A800EC80EC /* viewControllerAgregar.swift */ = {isa = PBXFileReference; lastKnownFileType = sourcecode.swift; path = viewControllerAgregar.swift; sourceTree = "<group>"; };
/* End PBXFileReference section */

/* Begin PBXFrameworksBuildPhase section */
		FEC5E8BF2CDC101800EC80EC /* Frameworks */ = {
			isa = PBXFrameworksBuildPhase;
			buildActionMask = 2147483647;
			files = (
			);
			runOnlyForDeploymentPostprocessing = 0;
		};
/* End PBXFrameworksBuildPhase section */

/* Begin PBXGroup section */
		FEC5E8B92CDC101800EC80EC = {
			isa = PBXGroup;
			children = (
				FEC5E8C42CDC101800EC80EC /* JSONRESTful */,
				FEC5E8C32CDC101800EC80EC /* Products */,
			);
			sourceTree = "<group>";
		};
		FEC5E8C32CDC101800EC80EC /* Products */ = {
			isa = PBXGroup;
			children = (
				FEC5E8C22CDC101800EC80EC /* JSONRESTful.app */,
			);
			name = Products;
			sourceTree = "<group>";
		};
		FEC5E8C42CDC101800EC80EC /* JSONRESTful */ = {
			isa = PBXGroup;
			children = (
				FEC5E8C52CDC101800EC80EC /* AppDelegate.swift */,
				FEC5E8C72CDC101800EC80EC /* SceneDelegate.swift */,
				FEC5E8C92CDC101800EC80EC /* ViewController.swift */,
				FEC5E8CB2CDC101800EC80EC /* Main.storyboard */,
				FE8A585D2CDD1A3300AD6F4F /* editarPerfilViewController.swift */,
				FEC5E8DF2CDC26A800EC80EC /* viewControllerAgregar.swift */,
				FEC5E8DD2CDC1BE700EC80EC /* Peliculas.swift */,
				FEC5E8DB2CDC1A1800EC80EC /* viewControllerBuscar.swift */,
				FEC5E8D92CDC136700EC80EC /* Users.swift */,
				FEC5E8CE2CDC101A00EC80EC /* Assets.xcassets */,
				FEC5E8D02CDC101A00EC80EC /* LaunchScreen.storyboard */,
				FEC5E8D32CDC101A00EC80EC /* Info.plist */,
			);
			path = JSONRESTful;
			sourceTree = "<group>";
		};
/* End PBXGroup section */

/* Begin PBXNativeTarget section */
		FEC5E8C12CDC101800EC80EC /* JSONRESTful */ = {
			isa = PBXNativeTarget;
			buildConfigurationList = FEC5E8D62CDC101A00EC80EC /* Build configuration list for PBXNativeTarget "JSONRESTful" */;
			buildPhases = (
				FEC5E8BE2CDC101800EC80EC /* Sources */,
				FEC5E8BF2CDC101800EC80EC /* Frameworks */,
				FEC5E8C02CDC101800EC80EC /* Resources */,
			);
			buildRules = (
			);
			dependencies = (
			);
			name = JSONRESTful;
			productName = JSONRESTful;
			productReference = FEC5E8C22CDC101800EC80EC /* JSONRESTful.app */;
			productType = "com.apple.product-type.application";
		};
/* End PBXNativeTarget section */

/* Begin PBXProject section */
		FEC5E8BA2CDC101800EC80EC /* Project object */ = {
			isa = PBXProject;
			attributes = {
				BuildIndependentTargetsInParallel = 1;
				LastSwiftUpdateCheck = 1330;
				LastUpgradeCheck = 1330;
				TargetAttributes = {
					FEC5E8C12CDC101800EC80EC = {
						CreatedOnToolsVersion = 13.3.1;
					};
				};
			};
			buildConfigurationList = FEC5E8BD2CDC101800EC80EC /* Build configuration list for PBXProject "JSONRESTful" */;
			compatibilityVersion = "Xcode 13.0";
			developmentRegion = en;
			hasScannedForEncodings = 0;
			knownRegions = (
				en,
				Base,
			);
			mainGroup = FEC5E8B92CDC101800EC80EC;
			productRefGroup = FEC5E8C32CDC101800EC80EC /* Products */;
			projectDirPath = "";
			projectRoot = "";
			targets = (
				FEC5E8C12CDC101800EC80EC /* JSONRESTful */,
			);
		};
/* End PBXProject section */

/* Begin PBXResourcesBuildPhase section */
		FEC5E8C02CDC101800EC80EC /* Resources */ = {
			isa = PBXResourcesBuildPhase;
			buildActionMask = 2147483647;
			files = (
				FEC5E8D22CDC101A00EC80EC /* LaunchScreen.storyboard in Resources */,
				FEC5E8CF2CDC101A00EC80EC /* Assets.xcassets in Resources */,
				FEC5E8CD2CDC101800EC80EC /* Main.storyboard in Resources */,
			);
			runOnlyForDeploymentPostprocessing = 0;
		};
/* End PBXResourcesBuildPhase section */

/* Begin PBXSourcesBuildPhase section */
		FEC5E8BE2CDC101800EC80EC /* Sources */ = {
			isa = PBXSourcesBuildPhase;
			buildActionMask = 2147483647;
			files = (
				FEC5E8DE2CDC1BE700EC80EC /* Peliculas.swift in Sources */,
				FEC5E8DA2CDC136700EC80EC /* Users.swift in Sources */,
				FE8A585E2CDD1A3300AD6F4F /* editarPerfilViewController.swift in Sources */,
				FEC5E8CA2CDC101800EC80EC /* ViewController.swift in Sources */,
				FEC5E8E02CDC26A800EC80EC /* viewControllerAgregar.swift in Sources */,
				FEC5E8C62CDC101800EC80EC /* AppDelegate.swift in Sources */,
				FEC5E8C82CDC101800EC80EC /* SceneDelegate.swift in Sources */,
				FEC5E8DC2CDC1A1800EC80EC /* viewControllerBuscar.swift in Sources */,
			);
			runOnlyForDeploymentPostprocessing = 0;
		};
/* End PBXSourcesBuildPhase section */

/* Begin PBXVariantGroup section */
		FEC5E8CB2CDC101800EC80EC /* Main.storyboard */ = {
			isa = PBXVariantGroup;
			children = (
				FEC5E8CC2CDC101800EC80EC /* Base */,
			);
			name = Main.storyboard;
			sourceTree = "<group>";
		};
		FEC5E8D02CDC101A00EC80EC /* LaunchScreen.storyboard */ = {
			isa = PBXVariantGroup;
			children = (
				FEC5E8D12CDC101A00EC80EC /* Base */,
			);
			name = LaunchScreen.storyboard;
			sourceTree = "<group>";
		};
/* End PBXVariantGroup section */

/* Begin XCBuildConfiguration section */
		FEC5E8D42CDC101A00EC80EC /* Debug */ = {
			isa = XCBuildConfiguration;
			buildSettings = {
				ALWAYS_SEARCH_USER_PATHS = NO;
				CLANG_ANALYZER_NONNULL = YES;
				CLANG_ANALYZER_NUMBER_OBJECT_CONVERSION = YES_AGGRESSIVE;
				CLANG_CXX_LANGUAGE_STANDARD = "gnu++17";
				CLANG_ENABLE_MODULES = YES;
				CLANG_ENABLE_OBJC_ARC = YES;
				CLANG_ENABLE_OBJC_WEAK = YES;
				CLANG_WARN_BLOCK_CAPTURE_AUTORELEASING = YES;
				CLANG_WARN_BOOL_CONVERSION = YES;
				CLANG_WARN_COMMA = YES;
				CLANG_WARN_CONSTANT_CONVERSION = YES;
				CLANG_WARN_DEPRECATED_OBJC_IMPLEMENTATIONS = YES;
				CLANG_WARN_DIRECT_OBJC_ISA_USAGE = YES_ERROR;
				CLANG_WARN_DOCUMENTATION_COMMENTS = YES;
				CLANG_WARN_EMPTY_BODY = YES;
				CLANG_WARN_ENUM_CONVERSION = YES;
				CLANG_WARN_INFINITE_RECURSION = YES;
				CLANG_WARN_INT_CONVERSION = YES;
				CLANG_WARN_NON_LITERAL_NULL_CONVERSION = YES;
				CLANG_WARN_OBJC_IMPLICIT_RETAIN_SELF = YES;
				CLANG_WARN_OBJC_LITERAL_CONVERSION = YES;
				CLANG_WARN_OBJC_ROOT_CLASS = YES_ERROR;
				CLANG_WARN_QUOTED_INCLUDE_IN_FRAMEWORK_HEADER = YES;
				CLANG_WARN_RANGE_LOOP_ANALYSIS = YES;
				CLANG_WARN_STRICT_PROTOTYPES = YES;
				CLANG_WARN_SUSPICIOUS_MOVE = YES;
				CLANG_WARN_UNGUARDED_AVAILABILITY = YES_AGGRESSIVE;
				CLANG_WARN_UNREACHABLE_CODE = YES;
				CLANG_WARN__DUPLICATE_METHOD_MATCH = YES;
				COPY_PHASE_STRIP = NO;
				DEBUG_INFORMATION_FORMAT = dwarf;
				ENABLE_STRICT_OBJC_MSGSEND = YES;
				ENABLE_TESTABILITY = YES;
				GCC_C_LANGUAGE_STANDARD = gnu11;
				GCC_DYNAMIC_NO_PIC = NO;
				GCC_NO_COMMON_BLOCKS = YES;
				GCC_OPTIMIZATION_LEVEL = 0;
				GCC_PREPROCESSOR_DEFINITIONS = (
					"DEBUG=1",
					"$(inherited)",
				);
				GCC_WARN_64_TO_32_BIT_CONVERSION = YES;
				GCC_WARN_ABOUT_RETURN_TYPE = YES_ERROR;
				GCC_WARN_UNDECLARED_SELECTOR = YES;
				GCC_WARN_UNINITIALIZED_AUTOS = YES_AGGRESSIVE;
				GCC_WARN_UNUSED_FUNCTION = YES;
				GCC_WARN_UNUSED_VARIABLE = YES;
				IPHONEOS_DEPLOYMENT_TARGET = 15.4;
				MTL_ENABLE_DEBUG_INFO = INCLUDE_SOURCE;
				MTL_FAST_MATH = YES;
				ONLY_ACTIVE_ARCH = YES;
				SDKROOT = iphoneos;
				SWIFT_ACTIVE_COMPILATION_CONDITIONS = DEBUG;
				SWIFT_OPTIMIZATION_LEVEL = "-Onone";
			};
			name = Debug;
		};
		FEC5E8D52CDC101A00EC80EC /* Release */ = {
			isa = XCBuildConfiguration;
			buildSettings = {
				ALWAYS_SEARCH_USER_PATHS = NO;
				CLANG_ANALYZER_NONNULL = YES;
				CLANG_ANALYZER_NUMBER_OBJECT_CONVERSION = YES_AGGRESSIVE;
				CLANG_CXX_LANGUAGE_STANDARD = "gnu++17";
				CLANG_ENABLE_MODULES = YES;
				CLANG_ENABLE_OBJC_ARC = YES;
				CLANG_ENABLE_OBJC_WEAK = YES;
				CLANG_WARN_BLOCK_CAPTURE_AUTORELEASING = YES;
				CLANG_WARN_BOOL_CONVERSION = YES;
				CLANG_WARN_COMMA = YES;
				CLANG_WARN_CONSTANT_CONVERSION = YES;
				CLANG_WARN_DEPRECATED_OBJC_IMPLEMENTATIONS = YES;
				CLANG_WARN_DIRECT_OBJC_ISA_USAGE = YES_ERROR;
				CLANG_WARN_DOCUMENTATION_COMMENTS = YES;
				CLANG_WARN_EMPTY_BODY = YES;
				CLANG_WARN_ENUM_CONVERSION = YES;
				CLANG_WARN_INFINITE_RECURSION = YES;
				CLANG_WARN_INT_CONVERSION = YES;
				CLANG_WARN_NON_LITERAL_NULL_CONVERSION = YES;
				CLANG_WARN_OBJC_IMPLICIT_RETAIN_SELF = YES;
				CLANG_WARN_OBJC_LITERAL_CONVERSION = YES;
				CLANG_WARN_OBJC_ROOT_CLASS = YES_ERROR;
				CLANG_WARN_QUOTED_INCLUDE_IN_FRAMEWORK_HEADER = YES;
				CLANG_WARN_RANGE_LOOP_ANALYSIS = YES;
				CLANG_WARN_STRICT_PROTOTYPES = YES;
				CLANG_WARN_SUSPICIOUS_MOVE = YES;
				CLANG_WARN_UNGUARDED_AVAILABILITY = YES_AGGRESSIVE;
				CLANG_WARN_UNREACHABLE_CODE = YES;
				CLANG_WARN__DUPLICATE_METHOD_MATCH = YES;
				COPY_PHASE_STRIP = NO;
				DEBUG_INFORMATION_FORMAT = "dwarf-with-dsym";
				ENABLE_NS_ASSERTIONS = NO;
				ENABLE_STRICT_OBJC_MSGSEND = YES;
				GCC_C_LANGUAGE_STANDARD = gnu11;
				GCC_NO_COMMON_BLOCKS = YES;
				GCC_WARN_64_TO_32_BIT_CONVERSION = YES;
				GCC_WARN_ABOUT_RETURN_TYPE = YES_ERROR;
				GCC_WARN_UNDECLARED_SELECTOR = YES;
				GCC_WARN_UNINITIALIZED_AUTOS = YES_AGGRESSIVE;
				GCC_WARN_UNUSED_FUNCTION = YES;
				GCC_WARN_UNUSED_VARIABLE = YES;
				IPHONEOS_DEPLOYMENT_TARGET = 15.4;
				MTL_ENABLE_DEBUG_INFO = NO;
				MTL_FAST_MATH = YES;
				SDKROOT = iphoneos;
				SWIFT_COMPILATION_MODE = wholemodule;
				SWIFT_OPTIMIZATION_LEVEL = "-O";
				VALIDATE_PRODUCT = YES;
			};
			name = Release;
		};
		FEC5E8D72CDC101A00EC80EC /* Debug */ = {
			isa = XCBuildConfiguration;
			buildSettings = {
				ASSETCATALOG_COMPILER_APPICON_NAME = AppIcon;
				ASSETCATALOG_COMPILER_GLOBAL_ACCENT_COLOR_NAME = AccentColor;
				CODE_SIGN_STYLE = Automatic;
				CURRENT_PROJECT_VERSION = 1;
				GENERATE_INFOPLIST_FILE = YES;
				INFOPLIST_FILE = JSONRESTful/Info.plist;
				INFOPLIST_KEY_UIApplicationSupportsIndirectInputEvents = YES;
				INFOPLIST_KEY_UILaunchStoryboardName = LaunchScreen;
				INFOPLIST_KEY_UIMainStoryboardFile = Main;
				INFOPLIST_KEY_UISupportedInterfaceOrientations_iPad = "UIInterfaceOrientationPortrait UIInterfaceOrientationPortraitUpsideDown UIInterfaceOrientationLandscapeLeft UIInterfaceOrientationLandscapeRight";
				INFOPLIST_KEY_UISupportedInterfaceOrientations_iPhone = "UIInterfaceOrientationPortrait UIInterfaceOrientationLandscapeLeft UIInterfaceOrientationLandscapeRight";
				LD_RUNPATH_SEARCH_PATHS = (
					"$(inherited)",
					"@executable_path/Frameworks",
				);
				MARKETING_VERSION = 1.0;
				PRODUCT_BUNDLE_IDENTIFIER = com.miempresa.JSONRESTful;
				PRODUCT_NAME = "$(TARGET_NAME)";
				SWIFT_EMIT_LOC_STRINGS = YES;
				SWIFT_VERSION = 5.0;
				TARGETED_DEVICE_FAMILY = "1,2";
			};
			name = Debug;
		};
		FEC5E8D82CDC101A00EC80EC /* Release */ = {
			isa = XCBuildConfiguration;
			buildSettings = {
				ASSETCATALOG_COMPILER_APPICON_NAME = AppIcon;
				ASSETCATALOG_COMPILER_GLOBAL_ACCENT_COLOR_NAME = AccentColor;
				CODE_SIGN_STYLE = Automatic;
				CURRENT_PROJECT_VERSION = 1;
				GENERATE_INFOPLIST_FILE = YES;
				INFOPLIST_FILE = JSONRESTful/Info.plist;
				INFOPLIST_KEY_UIApplicationSupportsIndirectInputEvents = YES;
				INFOPLIST_KEY_UILaunchStoryboardName = LaunchScreen;
				INFOPLIST_KEY_UIMainStoryboardFile = Main;
				INFOPLIST_KEY_UISupportedInterfaceOrientations_iPad = "UIInterfaceOrientationPortrait UIInterfaceOrientationPortraitUpsideDown UIInterfaceOrientationLandscapeLeft UIInterfaceOrientationLandscapeRight";
				INFOPLIST_KEY_UISupportedInterfaceOrientations_iPhone = "UIInterfaceOrientationPortrait UIInterfaceOrientationLandscapeLeft UIInterfaceOrientationLandscapeRight";
				LD_RUNPATH_SEARCH_PATHS = (
					"$(inherited)",
					"@executable_path/Frameworks",
				);
				MARKETING_VERSION = 1.0;
				PRODUCT_BUNDLE_IDENTIFIER = com.miempresa.JSONRESTful;
				PRODUCT_NAME = "$(TARGET_NAME)";
				SWIFT_EMIT_LOC_STRINGS = YES;
				SWIFT_VERSION = 5.0;
				TARGETED_DEVICE_FAMILY = "1,2";
			};
			name = Release;
		};
/* End XCBuildConfiguration section */

/* Begin XCConfigurationList section */
		FEC5E8BD2CDC101800EC80EC /* Build configuration list for PBXProject "JSONRESTful" */ = {
			isa = XCConfigurationList;
			buildConfigurations = (
				FEC5E8D42CDC101A00EC80EC /* Debug */,
				FEC5E8D52CDC101A00EC80EC /* Release */,
			);
			defaultConfigurationIsVisible = 0;
			defaultConfigurationName = Release;
		};
		FEC5E8D62CDC101A00EC80EC /* Build configuration list for PBXNativeTarget "JSONRESTful" */ = {
			isa = XCConfigurationList;
			buildConfigurations = (
				FEC5E8D72CDC101A00EC80EC /* Debug */,
				FEC5E8D82CDC101A00EC80EC /* Release */,
			);
			defaultConfigurationIsVisible = 0;
			defaultConfigurationName = Release;
		};
/* End XCConfigurationList section */
	};
	rootObject = FEC5E8BA2CDC101800EC80EC /* Project object */;
}
